
Microsoft Visual Studio Solution File, Format Version 12.00
# Visual Studio Version 17
VisualStudioVersion = 17.7.34003.232
MinimumVisualStudioVersion = 10.0.40219.1
Project("{FAE04EC0-301F-11D3-BF4B-00C04F79EFBC}") = "BlazorAssessment2", "BlazorAssessment2.csproj", "{6737DC10-F09F-432D-BBAF-919F89855483}"
EndProject
Global
	GlobalSection(SolutionConfigurationPlatforms) = preSolution
		Debug|Any CPU = Debug|Any CPU
		Release|Any CPU = Release|Any CPU
	EndGlobalSection
	GlobalSection(ProjectConfigurationPlatforms) = postSolution
		{6737DC10-F09F-432D-BBAF-919F89855483}.Debug|Any CPU.ActiveCfg = Debug|Any CPU
		{6737DC10-F09F-432D-BBAF-919F89855483}.Debug|Any CPU.Build.0 = Debug|Any CPU
		{6737DC10-F09F-432D-BBAF-919F89855483}.Release|Any CPU.ActiveCfg = Release|Any CPU
		{6737DC10-F09F-432D-BBAF-919F89855483}.Release|Any CPU.Build.0 = Release|Any CPU
	EndGlobalSection
	GlobalSection(SolutionProperties) = preSolution
		HideSolutionNode = FALSE
	EndGlobalSection
	GlobalSection(ExtensibilityGlobals) = postSolution
		SolutionGuid = {D8D1300C-DF64-4329-8794-43563F3F6F9A}
	EndGlobalSection
EndGlobal
